
Microsoft Visual Studio Solution File, Format Version 12.00
# Visual Studio 15
VisualStudioVersion = 15.0.28010.2046
MinimumVisualStudioVersion = 10.0.40219.1
Project("{9A19103F-16F7-4668-BE54-9A1E7A4F7556}") = "CallOfDutyApiPapi", "CallOfDutyApiPapi\CallOfDutyApiPapi.csproj", "{0B1093BD-68B0-491D-BC1B-F1D573FF347C}"
EndProject
Project("{FAE04EC0-301F-11D3-BF4B-00C04F79EFBC}") = "ConsoleApp", "ConsoleApp\ConsoleApp.csproj", "{D2925009-F01F-4CD8-AEAF-1BEAE34C2EBD}"
EndProject
Global
	GlobalSection(SolutionConfigurationPlatforms) = preSolution
		Debug|Any CPU = Debug|Any CPU
		Release|Any CPU = Release|Any CPU
	EndGlobalSection
	GlobalSection(ProjectConfigurationPlatforms) = postSolution
		{0B1093BD-68B0-491D-BC1B-F1D573FF347C}.Debug|Any CPU.ActiveCfg = Debug|Any CPU
		{0B1093BD-68B0-491D-BC1B-F1D573FF347C}.Debug|Any CPU.Build.0 = Debug|Any CPU
		{0B1093BD-68B0-491D-BC1B-F1D573FF347C}.Release|Any CPU.ActiveCfg = Release|Any CPU
		{0B1093BD-68B0-491D-BC1B-F1D573FF347C}.Release|Any CPU.Build.0 = Release|Any CPU
		{D2925009-F01F-4CD8-AEAF-1BEAE34C2EBD}.Debug|Any CPU.ActiveCfg = Debug|Any CPU
		{D2925009-F01F-4CD8-AEAF-1BEAE34C2EBD}.Debug|Any CPU.Build.0 = Debug|Any CPU
		{D2925009-F01F-4CD8-AEAF-1BEAE34C2EBD}.Release|Any CPU.ActiveCfg = Release|Any CPU
		{D2925009-F01F-4CD8-AEAF-1BEAE34C2EBD}.Release|Any CPU.Build.0 = Release|Any CPU
	EndGlobalSection
	GlobalSection(SolutionProperties) = preSolution
		HideSolutionNode = FALSE
	EndGlobalSection
	GlobalSection(ExtensibilityGlobals) = postSolution
		SolutionGuid = {8C07BC43-E895-4DF1-8C81-D7E2F3F637D8}
	EndGlobalSection
EndGlobal
